
Microsoft Visual Studio Solution File, Format Version 12.00
# Visual Studio Version 17
VisualStudioVersion = 17.4.33205.214
MinimumVisualStudioVersion = 10.0.40219.1
Project("{FAE04EC0-301F-11D3-BF4B-00C04F79EFBC}") = "Chat-signalR", "Chat-signalR\Chat-signalR.csproj", "{96B9F3CB-7B66-4157-BBC5-1FEE9E2E9C6D}"
EndProject
Global
	GlobalSection(SolutionConfigurationPlatforms) = preSolution
		Debug|Any CPU = Debug|Any CPU
		Release|Any CPU = Release|Any CPU
	EndGlobalSection
	GlobalSection(ProjectConfigurationPlatforms) = postSolution
		{96B9F3CB-7B66-4157-BBC5-1FEE9E2E9C6D}.Debug|Any CPU.ActiveCfg = Debug|Any CPU
		{96B9F3CB-7B66-4157-BBC5-1FEE9E2E9C6D}.Debug|Any CPU.Build.0 = Debug|Any CPU
		{96B9F3CB-7B66-4157-BBC5-1FEE9E2E9C6D}.Release|Any CPU.ActiveCfg = Release|Any CPU
		{96B9F3CB-7B66-4157-BBC5-1FEE9E2E9C6D}.Release|Any CPU.Build.0 = Release|Any CPU
	EndGlobalSection
	GlobalSection(SolutionProperties) = preSolution
		HideSolutionNode = FALSE
	EndGlobalSection
	GlobalSection(ExtensibilityGlobals) = postSolution
		SolutionGuid = {C74BB21C-5808-4116-ABCE-85071993C9E8}
	EndGlobalSection
EndGlobal
